lockfileVersion: '6.0'

settings:
  autoInstallPeers: true
  excludeLinksFromLockfile: false

devDependencies:
  '@rollup/plugin-node-resolve':
    specifier: ^15.2.3
    version: 15.2.3(rollup@4.14.1)
  rollup:
    specifier: ^4.14.1
    version: 4.14.1
  rollup-plugin-svelte:
    specifier: ^7.2.0
    version: 7.2.0(rollup@4.14.1)(svelte@5.0.0-next.97)
  svelte:
    specifier: next
    version: 5.0.0-next.97

packages:

  /@ampproject/remapping@2.3.0:
    resolution: {integrity: sha512-30iZtAPgz+LTIYoeivqYo853f02jBYSd5uGnGpkFV0M3xOt9aN73erkgYAmZU43x4VfqcnLxW9Kpg3R5LC4YYw==}
    engines: {node: '>=6.0.0'}
    dependencies:
      '@jridgewell/gen-mapping': 0.3.5
      '@jridgewell/trace-mapping': 0.3.25
    dev: true

  /@jridgewell/gen-mapping@0.3.5:
    resolution: {integrity: sha512-IzL8ZoEDIBRWEzlCcRhOaCupYyN5gdIK+Q6fbFdPDg6HqX6jpkItn7DFIpW9LQzXG6Df9sA7+OKnq0qlz/GaQg==}
    engines: {node: '>=6.0.0'}
    dependencies:
      '@jridgewell/set-array': 1.2.1
      '@jridgewell/sourcemap-codec': 1.4.15
      '@jridgewell/trace-mapping': 0.3.25
    dev: true

  /@jridgewell/resolve-uri@3.1.2:
    resolution: {integrity: sha512-bRISgCIjP20/tbWSPWMEi54QVPRZExkuD9lJL+UIxUKtwVJA8wW1Trb1jMs1RFXo1CBTNZ/5hpC9QvmKWdopKw==}
    engines: {node: '>=6.0.0'}
    dev: true

  /@jridgewell/set-array@1.2.1:
    resolution: {integrity: sha512-R8gLRTZeyp03ymzP/6Lil/28tGeGEzhx1q2k703KGWRAI1VdvPIXdG70VJc2pAMw3NA6JKL5hhFu1sJX0Mnn/A==}
    engines: {node: '>=6.0.0'}
    dev: true

  /@jridgewell/sourcemap-codec@1.4.15:
    resolution: {integrity: sha512-eF2rxCRulEKXHTRiDrDy6erMYWqNw4LPdQ8UQA4huuxaQsVeRPFl2oM8oDGxMFhJUWZf9McpLtJasDDZb/Bpeg==}
    dev: true

  /@jridgewell/trace-mapping@0.3.25:
    resolution: {integrity: sha512-vNk6aEwybGtawWmy/PzwnGDOjCkLWSD2wqvjGGAgOAwCGWySYXfYoxt00IJkTF+8Lb57DwOb3Aa0o9CApepiYQ==}
    dependencies:
      '@jridgewell/resolve-uri': 3.1.2
      '@jridgewell/sourcemap-codec': 1.4.15
    dev: true

  /@rollup/plugin-node-resolve@15.2.3(rollup@4.14.1):
    resolution: {integrity: sha512-j/lym8nf5E21LwBT4Df1VD6hRO2L2iwUeUmP7litikRsVp1H6NWx20NEp0Y7su+7XGc476GnXXc4kFeZNGmaSQ==}
    engines: {node: '>=14.0.0'}
    peerDependencies:
      rollup: ^2.78.0||^3.0.0||^4.0.0
    peerDependenciesMeta:
      rollup:
        optional: true
    dependencies:
      '@rollup/pluginutils': 5.1.0(rollup@4.14.1)
      '@types/resolve': 1.20.2
      deepmerge: 4.3.1
      is-builtin-module: 3.2.1
      is-module: 1.0.0
      resolve: 1.22.8
      rollup: 4.14.1
    dev: true

  /@rollup/pluginutils@4.2.1:
    resolution: {integrity: sha512-iKnFXr7NkdZAIHiIWE+BX5ULi/ucVFYWD6TbAV+rZctiRTY2PL6tsIKhoIOaoskiWAkgu+VsbXgUVDNLHf+InQ==}
    engines: {node: '>= 8.0.0'}
    dependencies:
      estree-walker: 2.0.2
      picomatch: 2.3.1
    dev: true

  /@rollup/pluginutils@5.1.0(rollup@4.14.1):
    resolution: {integrity: sha512-XTIWOPPcpvyKI6L1NHo0lFlCyznUEyPmPY1mc3KpPVDYulHSTvyeLNVW00QTLIAFNhR3kYnJTQHeGqU4M3n09g==}
    engines: {node: '>=14.0.0'}
    peerDependencies:
      rollup: ^1.20.0||^2.0.0||^3.0.0||^4.0.0
    peerDependenciesMeta:
      rollup:
        optional: true
    dependencies:
      '@types/estree': 1.0.5
      estree-walker: 2.0.2
      picomatch: 2.3.1
      rollup: 4.14.1
    dev: true

  /@rollup/rollup-android-arm-eabi@4.14.1:
    resolution: {integrity: sha512-fH8/o8nSUek8ceQnT7K4EQbSiV7jgkHq81m9lWZFIXjJ7lJzpWXbQFpT/Zh6OZYnpFykvzC3fbEvEAFZu03dPA==}
    cpu: [arm]
    os: [android]
    requiresBuild: true
    dev: true
    optional: true

  /@rollup/rollup-android-arm64@4.14.1:
    resolution: {integrity: sha512-Y/9OHLjzkunF+KGEoJr3heiD5X9OLa8sbT1lm0NYeKyaM3oMhhQFvPB0bNZYJwlq93j8Z6wSxh9+cyKQaxS7PQ==}
    cpu: [arm64]
    os: [android]
    requiresBuild: true
    dev: true
    optional: true

  /@rollup/rollup-darwin-arm64@4.14.1:
    resolution: {integrity: sha512-+kecg3FY84WadgcuSVm6llrABOdQAEbNdnpi5X3UwWiFVhZIZvKgGrF7kmLguvxHNQy+UuRV66cLVl3S+Rkt+Q==}
    cpu: [arm64]
    os: [darwin]
    requiresBuild: true
    dev: true
    optional: true

  /@rollup/rollup-darwin-x64@4.14.1:
    resolution: {integrity: sha512-2pYRzEjVqq2TB/UNv47BV/8vQiXkFGVmPFwJb+1E0IFFZbIX8/jo1olxqqMbo6xCXf8kabANhp5bzCij2tFLUA==}
    cpu: [x64]
    os: [darwin]
    requiresBuild: true
    dev: true
    optional: true

  /@rollup/rollup-linux-arm-gnueabihf@4.14.1:
    resolution: {integrity: sha512-mS6wQ6Do6/wmrF9aTFVpIJ3/IDXhg1EZcQFYHZLHqw6AzMBjTHWnCG35HxSqUNphh0EHqSM6wRTT8HsL1C0x5g==}
    cpu: [arm]
    os: [linux]
    requiresBuild: true
    dev: true
    optional: true

  /@rollup/rollup-linux-arm64-gnu@4.14.1:
    resolution: {integrity: sha512-p9rGKYkHdFMzhckOTFubfxgyIO1vw//7IIjBBRVzyZebWlzRLeNhqxuSaZ7kCEKVkm/kuC9fVRW9HkC/zNRG2w==}
    cpu: [arm64]
    os: [linux]
    requiresBuild: true
    dev: true
    optional: true

  /@rollup/rollup-linux-arm64-musl@4.14.1:
    resolution: {integrity: sha512-nDY6Yz5xS/Y4M2i9JLQd3Rofh5OR8Bn8qe3Mv/qCVpHFlwtZSBYSPaU4mrGazWkXrdQ98GB//H0BirGR/SKFSw==}
    cpu: [arm64]
    os: [linux]
    requiresBuild: true
    dev: true
    optional: true

  /@rollup/rollup-linux-powerpc64le-gnu@4.14.1:
    resolution: {integrity: sha512-im7HE4VBL+aDswvcmfx88Mp1soqL9OBsdDBU8NqDEYtkri0qV0THhQsvZtZeNNlLeCUQ16PZyv7cqutjDF35qw==}
    cpu: [ppc64le]
    os: [linux]
    requiresBuild: true
    dev: true
    optional: true

  /@rollup/rollup-linux-riscv64-gnu@4.14.1:
    resolution: {integrity: sha512-RWdiHuAxWmzPJgaHJdpvUUlDz8sdQz4P2uv367T2JocdDa98iRw2UjIJ4QxSyt077mXZT2X6pKfT2iYtVEvOFw==}
    cpu: [riscv64]
    os: [linux]
    requiresBuild: true
    dev: true
    optional: true

  /@rollup/rollup-linux-s390x-gnu@4.14.1:
    resolution: {integrity: sha512-VMgaGQ5zRX6ZqV/fas65/sUGc9cPmsntq2FiGmayW9KMNfWVG/j0BAqImvU4KTeOOgYSf1F+k6at1UfNONuNjA==}
    cpu: [s390x]
    os: [linux]
    requiresBuild: true
    dev: true
    optional: true

  /@rollup/rollup-linux-x64-gnu@4.14.1:
    resolution: {integrity: sha512-9Q7DGjZN+hTdJomaQ3Iub4m6VPu1r94bmK2z3UeWP3dGUecRC54tmVu9vKHTm1bOt3ASoYtEz6JSRLFzrysKlA==}
    cpu: [x64]
    os: [linux]
    requiresBuild: true
    dev: true
    optional: true

  /@rollup/rollup-linux-x64-musl@4.14.1:
    resolution: {integrity: sha512-JNEG/Ti55413SsreTguSx0LOVKX902OfXIKVg+TCXO6Gjans/k9O6ww9q3oLGjNDaTLxM+IHFMeXy/0RXL5R/g==}
    cpu: [x64]
    os: [linux]
    requiresBuild: true
    dev: true
    optional: true

  /@rollup/rollup-win32-arm64-msvc@4.14.1:
    resolution: {integrity: sha512-ryS22I9y0mumlLNwDFYZRDFLwWh3aKaC72CWjFcFvxK0U6v/mOkM5Up1bTbCRAhv3kEIwW2ajROegCIQViUCeA==}
    cpu: [arm64]
    os: [win32]
    requiresBuild: true
    dev: true
    optional: true

  /@rollup/rollup-win32-ia32-msvc@4.14.1:
    resolution: {integrity: sha512-TdloItiGk+T0mTxKx7Hp279xy30LspMso+GzQvV2maYePMAWdmrzqSNZhUpPj3CGw12aGj57I026PgLCTu8CGg==}
    cpu: [ia32]
    os: [win32]
    requiresBuild: true
    dev: true
    optional: true

  /@rollup/rollup-win32-x64-msvc@4.14.1:
    resolution: {integrity: sha512-wQGI+LY/Py20zdUPq+XCem7JcPOyzIJBm3dli+56DJsQOHbnXZFEwgmnC6el1TPAfC8lBT3m+z69RmLykNUbew==}
    cpu: [x64]
    os: [win32]
    requiresBuild: true
    dev: true
    optional: true

  /@types/estree@1.0.5:
    resolution: {integrity: sha512-/kYRxGDLWzHOB7q+wtSUQlFrtcdUccpfy+X+9iMBpHK8QLLhx2wIPYuS5DYtR9Wa/YlZAbIovy7qVdB1Aq6Lyw==}
    dev: true

  /@types/resolve@1.20.2:
    resolution: {integrity: sha512-60BCwRFOZCQhDncwQdxxeOEEkbc5dIMccYLwbxsS4TUNeVECQ/pBJ0j09mrHOl/JJvpRPGwO9SvE4nR2Nb/a4Q==}
    dev: true

  /acorn-typescript@1.4.13(acorn@8.11.3):
    resolution: {integrity: sha512-xsc9Xv0xlVfwp2o7sQ+GCQ1PgbkdcpWdTzrwXxO3xDMTAywVS3oXVOcOHuRjAPkS4P9b+yc/qNF15460v+jp4Q==}
    peerDependencies:
      acorn: '>=8.9.0'
    dependencies:
      acorn: 8.11.3
    dev: true

  /acorn@8.11.3:
    resolution: {integrity: sha512-Y9rRfJG5jcKOE0CLisYbojUjIrIEE7AGMzA/Sm4BslANhbS+cDMpgBdcPT91oJ7OuJ9hYJBx59RjbhxVnrF8Xg==}
    engines: {node: '>=0.4.0'}
    hasBin: true
    dev: true

  /aria-query@5.3.0:
    resolution: {integrity: sha512-b0P0sZPKtyu8HkeRAfCq0IfURZK+SuwMjY1UXGBU27wpAiTwQAIlq56IbIO+ytk/JjS1fMR14ee5WBBfKi5J6A==}
    dependencies:
      dequal: 2.0.3
    dev: true

  /axobject-query@4.0.0:
    resolution: {integrity: sha512-+60uv1hiVFhHZeO+Lz0RYzsVHy5Wr1ayX0mwda9KPDVLNJgZ1T9Ny7VmFbLDzxsH0D87I86vgj3gFrjTJUYznw==}
    dependencies:
      dequal: 2.0.3
    dev: true

  /builtin-modules@3.3.0:
    resolution: {integrity: sha512-zhaCDicdLuWN5UbN5IMnFqNMhNfo919sH85y2/ea+5Yg9TsTkeZxpL+JLbp6cgYFS4sRLp3YV4S6yDuqVWHYOw==}
    engines: {node: '>=6'}
    dev: true

  /deepmerge@4.3.1:
    resolution: {integrity: sha512-3sUqbMEc77XqpdNO7FRyRog+eW3ph+GYCbj+rK+uYyRMuwsVy0rMiVtPn+QJlKFvWP/1PYpapqYn0Me2knFn+A==}
    engines: {node: '>=0.10.0'}
    dev: true

  /dequal@2.0.3:
    resolution: {integrity: sha512-0je+qPKHEMohvfRTCEo3CrPG6cAzAYgmzKyxRiYSSDkS6eGJdyVJm7WaYA5ECaAD9wLB2T4EEeymA5aFVcYXCA==}
    engines: {node: '>=6'}
    dev: true

  /esm-env@1.0.0:
    resolution: {integrity: sha512-Cf6VksWPsTuW01vU9Mk/3vRue91Zevka5SjyNf3nEpokFRuqt/KjUQoGAwq9qMmhpLTHmXzSIrFRw8zxWzmFBA==}
    dev: true

  /esrap@1.2.1:
    resolution: {integrity: sha512-dhkcOLfN/aDdMFI1iwPEcy/XqAZzGNfgfEJjZozy2tia6u0dQoZyXzkRshHTckuNsM+c0CYQndY+uRFe3N+AIQ==}
    dependencies:
      '@jridgewell/sourcemap-codec': 1.4.15
      '@types/estree': 1.0.5
    dev: true

  /estree-walker@2.0.2:
    resolution: {integrity: sha512-Rfkk/Mp/DL7JVje3u18FxFujQlTNR2q6QfMSMB7AvCBx91NGj/ba3kCfza0f6dVDbw7YlRf/nDrn7pQrCCyQ/w==}
    dev: true

  /fsevents@2.3.3:
    resolution: {integrity: sha512-5xoDfX+fL7faATnagmWPpbFtwh/R77WmMMqqHGS65C3vvB0YHrgF+B1YmZ3441tMj5n63k0212XNoJwzlhffQw==}
    engines: {node: ^8.16.0 || ^10.6.0 || >=11.0.0}
    os: [darwin]
    requiresBuild: true
    dev: true
    optional: true

  /function-bind@1.1.2:
    resolution: {integrity: sha512-7XHNxH7qX9xG5mIwxkhumTox/MIRNcOgDrxWsMt2pAr23WHp6MrRlN7FBSFpCpr+oVO0F744iUgR82nJMfG2SA==}
    dev: true

  /hasown@2.0.2:
    resolution: {integrity: sha512-0hJU9SCPvmMzIBdZFqNPXWa6dqh7WdH0cII9y+CyS8rG3nL48Bclra9HmKhVVUHyPWNH5Y7xDwAB7bfgSjkUMQ==}
    engines: {node: '>= 0.4'}
    dependencies:
      function-bind: 1.1.2
    dev: true

  /is-builtin-module@3.2.1:
    resolution: {integrity: sha512-BSLE3HnV2syZ0FK0iMA/yUGplUeMmNz4AW5fnTunbCIqZi4vG3WjJT9FHMy5D69xmAYBHXQhJdALdpwVxV501A==}
    engines: {node: '>=6'}
    dependencies:
      builtin-modules: 3.3.0
    dev: true

  /is-core-module@2.13.1:
    resolution: {integrity: sha512-hHrIjvZsftOsvKSn2TRYl63zvxsgE0K+0mYMoH6gD4omR5IWB2KynivBQczo3+wF1cCkjzvptnI9Q0sPU66ilw==}
    dependencies:
      hasown: 2.0.2
    dev: true

  /is-module@1.0.0:
    resolution: {integrity: sha512-51ypPSPCoTEIN9dy5Oy+h4pShgJmPCygKfyRCISBI+JoWT/2oJvK8QPxmwv7b/p239jXrm9M1mlQbyKJ5A152g==}
    dev: true

  /is-reference@3.0.2:
    resolution: {integrity: sha512-v3rht/LgVcsdZa3O2Nqs+NMowLOxeOm7Ay9+/ARQ2F+qEoANRcqrjAZKGN0v8ymUetZGgkp26LTnGT7H0Qo9Pg==}
    dependencies:
      '@types/estree': 1.0.5
    dev: true

  /locate-character@3.0.0:
    resolution: {integrity: sha512-SW13ws7BjaeJ6p7Q6CO2nchbYEc3X3J6WrmTTDto7yMPqVSZTUyY5Tjbid+Ab8gLnATtygYtiDIJGQRRn2ZOiA==}
    dev: true

  /magic-string@0.30.9:
    resolution: {integrity: sha512-S1+hd+dIrC8EZqKyT9DstTH/0Z+f76kmmvZnkfQVmOpDEF9iVgdYif3Q/pIWHmCoo59bQVGW0kVL3e2nl+9+Sw==}
    engines: {node: '>=12'}
    dependencies:
      '@jridgewell/sourcemap-codec': 1.4.15
    dev: true

  /path-parse@1.0.7:
    resolution: {integrity: sha512-LDJzPVEEEPR+y48z93A0Ed0yXb8pAByGWo/k5YYdYgpY2/2EsOsksJrq7lOHxryrVOn1ejG6oAp8ahvOIQD8sw==}
    dev: true

  /picomatch@2.3.1:
    resolution: {integrity: sha512-JU3teHTNjmE2VCGFzuY8EXzCDVwEqB2a8fsIvwaStHhAWJEeVd1o1QD80CU6+ZdEXXSLbSsuLwJjkCBWqRQUVA==}
    engines: {node: '>=8.6'}
    dev: true

  /resolve.exports@2.0.2:
    resolution: {integrity: sha512-X2UW6Nw3n/aMgDVy+0rSqgHlv39WZAlZrXCdnbyEiKm17DSqHX4MmQMaST3FbeWR5FTuRcUwYAziZajji0Y7mg==}
    engines: {node: '>=10'}
    dev: true

  /resolve@1.22.8:
    resolution: {integrity: sha512-oKWePCxqpd6FlLvGV1VU0x7bkPmmCNolxzjMf4NczoDnQcIWrAF+cPtZn5i6n+RfD2d9i0tzpKnG6Yk168yIyw==}
    hasBin: true
    dependencies:
      is-core-module: 2.13.1
      path-parse: 1.0.7
      supports-preserve-symlinks-flag: 1.0.0
    dev: true

  /rollup-plugin-svelte@7.2.0(rollup@4.14.1)(svelte@5.0.0-next.97):
    resolution: {integrity: sha512-Qvo5VNFQZtaI+sHSjcCIFDP+olfKVyslAoJIkL3DxuhUpNY5Ys0+hhxUY3kuEKt9BXFgkFJiiic/XRb07zdSbg==}
    engines: {node: '>=10'}
    peerDependencies:
      rollup: '>=2.0.0'
      svelte: '>=3.5.0'
    dependencies:
      '@rollup/pluginutils': 4.2.1
      resolve.exports: 2.0.2
      rollup: 4.14.1
      svelte: 5.0.0-next.97
    dev: true

  /rollup@4.14.1:
    resolution: {integrity: sha512-4LnHSdd3QK2pa1J6dFbfm1HN0D7vSK/ZuZTsdyUAlA6Rr1yTouUTL13HaDOGJVgby461AhrNGBS7sCGXXtT+SA==}
    engines: {node: '>=18.0.0', npm: '>=8.0.0'}
    hasBin: true
    dependencies:
      '@types/estree': 1.0.5
    optionalDependencies:
      '@rollup/rollup-android-arm-eabi': 4.14.1
      '@rollup/rollup-android-arm64': 4.14.1
      '@rollup/rollup-darwin-arm64': 4.14.1
      '@rollup/rollup-darwin-x64': 4.14.1
      '@rollup/rollup-linux-arm-gnueabihf': 4.14.1
      '@rollup/rollup-linux-arm64-gnu': 4.14.1
      '@rollup/rollup-linux-arm64-musl': 4.14.1
      '@rollup/rollup-linux-powerpc64le-gnu': 4.14.1
      '@rollup/rollup-linux-riscv64-gnu': 4.14.1
      '@rollup/rollup-linux-s390x-gnu': 4.14.1
      '@rollup/rollup-linux-x64-gnu': 4.14.1
      '@rollup/rollup-linux-x64-musl': 4.14.1
      '@rollup/rollup-win32-arm64-msvc': 4.14.1
      '@rollup/rollup-win32-ia32-msvc': 4.14.1
      '@rollup/rollup-win32-x64-msvc': 4.14.1
      fsevents: 2.3.3
    dev: true

  /supports-preserve-symlinks-flag@1.0.0:
    resolution: {integrity: sha512-ot0WnXS9fgdkgIcePe6RHNk1WA8+muPa6cSjeR3V8K27q9BB1rTE3R1p7Hv0z1ZyAc8s6Vvv8DIyWf681MAt0w==}
    engines: {node: '>= 0.4'}
    dev: true

  /svelte@5.0.0-next.97:
    resolution: {integrity: sha512-oC4g1smQxaZF1dOV/LMYHUfL78ZPn06flYvycL6vW3UwsQU372pz8Drnof2nCwy7/D36cZRNMyKlFfcPNwBryw==}
    engines: {node: '>=18'}
    dependencies:
      '@ampproject/remapping': 2.3.0
      '@jridgewell/sourcemap-codec': 1.4.15
      '@types/estree': 1.0.5
      acorn: 8.11.3
      acorn-typescript: 1.4.13(acorn@8.11.3)
      aria-query: 5.3.0
      axobject-query: 4.0.0
      esm-env: 1.0.0
      esrap: 1.2.1
      is-reference: 3.0.2
      locate-character: 3.0.0
      magic-string: 0.30.9
      zimmerframe: 1.1.2
    dev: true

  /zimmerframe@1.1.2:
    resolution: {integrity: sha512-rAbqEGa8ovJy4pyBxZM70hg4pE6gDgaQ0Sl9M3enG3I0d6H4XSAM3GeNGLKnsBpuijUow064sf7ww1nutC5/3w==}
    dev: true
